
Microsoft Visual Studio Solution File, Format Version 12.00
# Visual Studio 15
VisualStudioVersion = 15.0.27428.2002
MinimumVisualStudioVersion = 10.0.40219.1
Project("{FAE04EC0-301F-11D3-BF4B-00C04F79EFBC}") = "MiRaI.OneAddOne", "MiRaI.OneAddOne\MiRaI.OneAddOne.csproj", "{443B20AC-907F-4930-842B-6A716FCE2636}"
EndProject
Project("{FAE04EC0-301F-11D3-BF4B-00C04F79EFBC}") = "MiRaI.OoeAddOne.BasicType", "MiRaI.OoeAddOne.BasicType\MiRaI.OoeAddOne.BasicType.csproj", "{811E5FF0-E1A6-42DA-9512-E2466628F43E}"
EndProject
Project("{9A19103F-16F7-4668-BE54-9A1E7A4F7556}") = "MiRaI.OoeAddOne.Data", "MiRaI.OoeAddOne.Data\MiRaI.OoeAddOne.Data.csproj", "{5D8E8E68-F729-49EE-AE7C-B9EA56139CE8}"
EndProject
Project("{FAE04EC0-301F-11D3-BF4B-00C04F79EFBC}") = "MiRaI.OneAddOne.Data.UWP", "MiRaI.OneAddOne.Data.UWP\MiRaI.OneAddOne.Data.UWP.csproj", "{1A6D08E2-E44B-4FFF-9A34-69BDEED59D1C}"
EndProject
Global
	GlobalSection(SolutionConfigurationPlatforms) = preSolution
		Debug|Any CPU = Debug|Any CPU
		Debug|ARM = Debug|ARM
		Debug|x64 = Debug|x64
		Debug|x86 = Debug|x86
		Release|Any CPU = Release|Any CPU
		Release|ARM = Release|ARM
		Release|x64 = Release|x64
		Release|x86 = Release|x86
	EndGlobalSection
	GlobalSection(ProjectConfigurationPlatforms) = postSolution
		{443B20AC-907F-4930-842B-6A716FCE2636}.Debug|Any CPU.ActiveCfg = Debug|x86
		{443B20AC-907F-4930-842B-6A716FCE2636}.Debug|Any CPU.Build.0 = Debug|x86
		{443B20AC-907F-4930-842B-6A716FCE2636}.Debug|Any CPU.Deploy.0 = Debug|x86
		{443B20AC-907F-4930-842B-6A716FCE2636}.Debug|ARM.ActiveCfg = Debug|ARM
		{443B20AC-907F-4930-842B-6A716FCE2636}.Debug|ARM.Build.0 = Debug|ARM
		{443B20AC-907F-4930-842B-6A716FCE2636}.Debug|ARM.Deploy.0 = Debug|ARM
		{443B20AC-907F-4930-842B-6A716FCE2636}.Debug|x64.ActiveCfg = Debug|x64
		{443B20AC-907F-4930-842B-6A716FCE2636}.Debug|x64.Build.0 = Debug|x64
		{443B20AC-907F-4930-842B-6A716FCE2636}.Debug|x64.Deploy.0 = Debug|x64
		{443B20AC-907F-4930-842B-6A716FCE2636}.Debug|x86.ActiveCfg = Debug|x86
		{443B20AC-907F-4930-842B-6A716FCE2636}.Debug|x86.Build.0 = Debug|x86
		{443B20AC-907F-4930-842B-6A716FCE2636}.Debug|x86.Deploy.0 = Debug|x86
		{443B20AC-907F-4930-842B-6A716FCE2636}.Release|Any CPU.ActiveCfg = Release|x86
		{443B20AC-907F-4930-842B-6A716FCE2636}.Release|ARM.ActiveCfg = Release|ARM
		{443B20AC-907F-4930-842B-6A716FCE2636}.Release|ARM.Build.0 = Release|ARM
		{443B20AC-907F-4930-842B-6A716FCE2636}.Release|ARM.Deploy.0 = Release|ARM
		{443B20AC-907F-4930-842B-6A716FCE2636}.Release|x64.ActiveCfg = Release|x64
		{443B20AC-907F-4930-842B-6A716FCE2636}.Release|x64.Build.0 = Release|x64
		{443B20AC-907F-4930-842B-6A716FCE2636}.Release|x64.Deploy.0 = Release|x64
		{443B20AC-907F-4930-842B-6A716FCE2636}.Release|x86.ActiveCfg = Release|x86
		{443B20AC-907F-4930-842B-6A716FCE2636}.Release|x86.Build.0 = Release|x86
		{443B20AC-907F-4930-842B-6A716FCE2636}.Release|x86.Deploy.0 = Release|x86
		{811E5FF0-E1A6-42DA-9512-E2466628F43E}.Debug|Any CPU.ActiveCfg = Debug|Any CPU
		{811E5FF0-E1A6-42DA-9512-E2466628F43E}.Debug|Any CPU.Build.0 = Debug|Any CPU
		{811E5FF0-E1A6-42DA-9512-E2466628F43E}.Debug|ARM.ActiveCfg = Debug|ARM
		{811E5FF0-E1A6-42DA-9512-E2466628F43E}.Debug|ARM.Build.0 = Debug|ARM
		{811E5FF0-E1A6-42DA-9512-E2466628F43E}.Debug|x64.ActiveCfg = Debug|x64
		{811E5FF0-E1A6-42DA-9512-E2466628F43E}.Debug|x64.Build.0 = Debug|x64
		{811E5FF0-E1A6-42DA-9512-E2466628F43E}.Debug|x86.ActiveCfg = Debug|x86
		{811E5FF0-E1A6-42DA-9512-E2466628F43E}.Debug|x86.Build.0 = Debug|x86
		{811E5FF0-E1A6-42DA-9512-E2466628F43E}.Release|Any CPU.ActiveCfg = Release|Any CPU
		{811E5FF0-E1A6-42DA-9512-E2466628F43E}.Release|Any CPU.Build.0 = Release|Any CPU
		{811E5FF0-E1A6-42DA-9512-E2466628F43E}.Release|ARM.ActiveCfg = Release|ARM
		{811E5FF0-E1A6-42DA-9512-E2466628F43E}.Release|ARM.Build.0 = Release|ARM
		{811E5FF0-E1A6-42DA-9512-E2466628F43E}.Release|x64.ActiveCfg = Release|x64
		{811E5FF0-E1A6-42DA-9512-E2466628F43E}.Release|x64.Build.0 = Release|x64
		{811E5FF0-E1A6-42DA-9512-E2466628F43E}.Release|x86.ActiveCfg = Release|x86
		{811E5FF0-E1A6-42DA-9512-E2466628F43E}.Release|x86.Build.0 = Release|x86
		{5D8E8E68-F729-49EE-AE7C-B9EA56139CE8}.Debug|Any CPU.ActiveCfg = Debug|Any CPU
		{5D8E8E68-F729-49EE-AE7C-B9EA56139CE8}.Debug|Any CPU.Build.0 = Debug|Any CPU
		{5D8E8E68-F729-49EE-AE7C-B9EA56139CE8}.Debug|ARM.ActiveCfg = Debug|Any CPU
		{5D8E8E68-F729-49EE-AE7C-B9EA56139CE8}.Debug|ARM.Build.0 = Debug|Any CPU
		{5D8E8E68-F729-49EE-AE7C-B9EA56139CE8}.Debug|x64.ActiveCfg = Debug|Any CPU
		{5D8E8E68-F729-49EE-AE7C-B9EA56139CE8}.Debug|x64.Build.0 = Debug|Any CPU
		{5D8E8E68-F729-49EE-AE7C-B9EA56139CE8}.Debug|x86.ActiveCfg = Debug|Any CPU
		{5D8E8E68-F729-49EE-AE7C-B9EA56139CE8}.Debug|x86.Build.0 = Debug|Any CPU
		{5D8E8E68-F729-49EE-AE7C-B9EA56139CE8}.Release|Any CPU.ActiveCfg = Release|Any CPU
		{5D8E8E68-F729-49EE-AE7C-B9EA56139CE8}.Release|Any CPU.Build.0 = Release|Any CPU
		{5D8E8E68-F729-49EE-AE7C-B9EA56139CE8}.Release|ARM.ActiveCfg = Release|Any CPU
		{5D8E8E68-F729-49EE-AE7C-B9EA56139CE8}.Release|ARM.Build.0 = Release|Any CPU
		{5D8E8E68-F729-49EE-AE7C-B9EA56139CE8}.Release|x64.ActiveCfg = Release|Any CPU
		{5D8E8E68-F729-49EE-AE7C-B9EA56139CE8}.Release|x64.Build.0 = Release|Any CPU
		{5D8E8E68-F729-49EE-AE7C-B9EA56139CE8}.Release|x86.ActiveCfg = Release|Any CPU
		{5D8E8E68-F729-49EE-AE7C-B9EA56139CE8}.Release|x86.Build.0 = Release|Any CPU
		{1A6D08E2-E44B-4FFF-9A34-69BDEED59D1C}.Debug|Any CPU.ActiveCfg = Debug|Any CPU
		{1A6D08E2-E44B-4FFF-9A34-69BDEED59D1C}.Debug|Any CPU.Build.0 = Debug|Any CPU
		{1A6D08E2-E44B-4FFF-9A34-69BDEED59D1C}.Debug|ARM.ActiveCfg = Debug|ARM
		{1A6D08E2-E44B-4FFF-9A34-69BDEED59D1C}.Debug|ARM.Build.0 = Debug|ARM
		{1A6D08E2-E44B-4FFF-9A34-69BDEED59D1C}.Debug|x64.ActiveCfg = Debug|x64
		{1A6D08E2-E44B-4FFF-9A34-69BDEED59D1C}.Debug|x64.Build.0 = Debug|x64
		{1A6D08E2-E44B-4FFF-9A34-69BDEED59D1C}.Debug|x86.ActiveCfg = Debug|x86
		{1A6D08E2-E44B-4FFF-9A34-69BDEED59D1C}.Debug|x86.Build.0 = Debug|x86
		{1A6D08E2-E44B-4FFF-9A34-69BDEED59D1C}.Release|Any CPU.ActiveCfg = Release|Any CPU
		{1A6D08E2-E44B-4FFF-9A34-69BDEED59D1C}.Release|Any CPU.Build.0 = Release|Any CPU
		{1A6D08E2-E44B-4FFF-9A34-69BDEED59D1C}.Release|ARM.ActiveCfg = Release|ARM
		{1A6D08E2-E44B-4FFF-9A34-69BDEED59D1C}.Release|ARM.Build.0 = Release|ARM
		{1A6D08E2-E44B-4FFF-9A34-69BDEED59D1C}.Release|x64.ActiveCfg = Release|x64
		{1A6D08E2-E44B-4FFF-9A34-69BDEED59D1C}.Release|x64.Build.0 = Release|x64
		{1A6D08E2-E44B-4FFF-9A34-69BDEED59D1C}.Release|x86.ActiveCfg = Release|x86
		{1A6D08E2-E44B-4FFF-9A34-69BDEED59D1C}.Release|x86.Build.0 = Release|x86
	EndGlobalSection
	GlobalSection(SolutionProperties) = preSolution
		HideSolutionNode = FALSE
	EndGlobalSection
	GlobalSection(ExtensibilityGlobals) = postSolution
		SolutionGuid = {FD89B1ED-F3D6-49A5-A2B2-5C28D5ACA6FF}
	EndGlobalSection
EndGlobal
